{
  "object": {
    "pins": [
      {
        "package": "Coercion",
        "repositoryURL": "https://github.com/elegantchaos/Coercion.git",
        "state": {
          "branch": null,
          "revision": "6872c101780abbe62bfe6e2498a2a3b14813ccd6",
          "version": "1.0.3"
        }
      },
      {
        "package": "CollectionExtensions",
        "repositoryURL": "https://github.com/elegantchaos/CollectionExtensions.git",
        "state": {
          "branch": null,
          "revision": "c91aac2e3652834ee7b63c371242607fb4663d59",
          "version": "1.1.0"
        }
      },
      {
        "package": "DataFetcher",
        "repositoryURL": "https://github.com/elegantchaos/DataFetcher.git",
        "state": {
          "branch": null,
          "revision": "88550e5207654ad19237a578188e4757c919970b",
          "version": "1.0.2"
        }
      },
      {
        "package": "JSONSession",
        "repositoryURL": "https://github.com/elegantchaos/JSONSession.git",
        "state": {
          "branch": null,
          "revision": "bed9dea36a108b5b09f7ae6afef6abe8d3761768",
          "version": "1.1.0"
        }
      },
      {
        "package": "Logger",
        "repositoryURL": "https://github.com/elegantchaos/Logger.git",
        "state": {
          "branch": null,
          "revision": "e8a0dea5e826a6b3f7d020bd113247274991fb97",
          "version": "1.5.5"
        }
      },
      {
        "package": "XCTestExtensions",
        "repositoryURL": "https://github.com/elegantchaos/XCTestExtensions.git",
        "state": {
          "branch": null,
          "revision": "5a6c9b3d5889d48d647f2a165c9bba8b966d3a22",
          "version": "1.1.1"
        }
      }
    ]
  },
  "version": 1
}
