{
  "originHash" : "bfb94ad9bf74addb9774ce0091e796be7f2a8ba1c66b6a547f176e3c38b7e17b",
  "pins" : [
    {
      "identity" : "coercion",
      "kind" : "remoteSourceControl",
      "location" : "https://github.com/elegantchaos/Coercion.git",
      "state" : {
        "revision" : "0481b6c80b0d50cb3c532d8bd87101140a20bade",
        "version" : "1.1.1"
      }
    },
    {
      "identity" : "datafetcher",
      "kind" : "remoteSourceControl",
      "location" : "https://github.com/elegantchaos/DataFetcher.git",
      "state" : {
        "revision" : "88550e5207654ad19237a578188e4757c919970b",
        "version" : "1.0.2"
      }
    },
    {
      "identity" : "jsonsession",
      "kind" : "remoteSourceControl",
      "location" : "https://github.com/elegantchaos/JSONSession.git",
      "state" : {
        "revision" : "636fdf1fc8050f619e5299892c1ac0b95fd6677f",
        "version" : "1.1.1"
      }
    },
    {
      "identity" : "logger",
      "kind" : "remoteSourceControl",
      "location" : "https://github.com/elegantchaos/Logger.git",
      "state" : {
        "revision" : "8ceabf0985b5255f7be42e023a3f63a7779a9145",
        "version" : "1.6.0"
      }
    }
  ],
  "version" : 3
}
