{
  "originHash" : "4fa5dc7a5a52e666a90a7ac13bc1ae4c2a3febbf98be5497b6cb43e40f42adb8",
  "pins" : [
    {
      "identity" : "logger",
      "kind" : "remoteSourceControl",
      "location" : "https://github.com/elegantchaos/Logger.git",
      "state" : {
        "revision" : "6957a21c4e02fc03734a460fb8bfcd36dbe8aba8",
        "version" : "2.0.1"
      }
    }
  ],
  "version" : 3
}
